{
  "name": "@hexlet/code",
  "version": "1.0.0",
  "lockfileVersion": 1,
  "requires": true,
  "dependencies": {
    "commander": {
      "version": "10.0.0",
      "resolved": "https://registry.npmjs.org/commander/-/commander-10.0.0.tgz",
      "integrity": "sha512-zS5PnTI22FIRM6ylNW8G4Ap0IEOyk62fhLSD0+uHRT9McRCLGpkVNvao4bjimpK/GShynyQkFFxHhwMcETmduA=="
    },
    "gendiff": {
      "version": "1.0.0",
      "resolved": "https://registry.npmjs.org/gendiff/-/gendiff-1.0.0.tgz",
      "integrity": "sha512-eer2wfUoRRCWPEf8FUIMJ0ql1JIma+eF+nijFBw0NCFXrQEUF1Dmj3NsnYAtmUwTCJ/bS0KWU6o2DEFPMUqYgA==",
      "requires": {
        "commander": "*"
      }
    }
  }
}
